
Microsoft Visual Studio Solution File, Format Version 12.00
# Visual Studio Version 17
VisualStudioVersion = 17.0.32112.339
MinimumVisualStudioVersion = 10.0.40219.1
Project("{FAE04EC0-301F-11D3-BF4B-00C04F79EFBC}") = "OrderManagementSystem", "OrderManagementSystem.csproj", "{7DDD11F4-D374-4E08-8FE7-D591779C3288}"
EndProject
Project("{2150E333-8FDC-42A3-9474-1A3956D46DE8}") = "Solution Items", "Solution Items", "{F2E9FC27-934E-4F26-A92B-80DA8E4611F2}"
	ProjectSection(SolutionItems) = preProject
		.editorconfig = .editorconfig
	EndProjectSection
EndProject
Global
	GlobalSection(SolutionConfigurationPlatforms) = preSolution
		Debug|Any CPU = Debug|Any CPU
		Release|Any CPU = Release|Any CPU
	EndGlobalSection
	GlobalSection(ProjectConfigurationPlatforms) = postSolution
		{7DDD11F4-D374-4E08-8FE7-D591779C3288}.Debug|Any CPU.ActiveCfg = Debug|Any CPU
		{7DDD11F4-D374-4E08-8FE7-D591779C3288}.Debug|Any CPU.Build.0 = Debug|Any CPU
		{7DDD11F4-D374-4E08-8FE7-D591779C3288}.Release|Any CPU.ActiveCfg = Release|Any CPU
		{7DDD11F4-D374-4E08-8FE7-D591779C3288}.Release|Any CPU.Build.0 = Release|Any CPU
	EndGlobalSection
	GlobalSection(SolutionProperties) = preSolution
		HideSolutionNode = FALSE
	EndGlobalSection
	GlobalSection(ExtensibilityGlobals) = postSolution
		SolutionGuid = {C144B3A7-6200-47EC-96EC-1486B46573B8}
	EndGlobalSection
EndGlobal
